
Microsoft Visual Studio Solution File, Format Version 12.00
# Visual Studio Version 17
VisualStudioVersion = 17.9.34701.34
MinimumVisualStudioVersion = 10.0.40219.1
Project("{FAE04EC0-301F-11D3-BF4B-00C04F79EFBC}") = "Cinema_3k1d", "(Final_Project)Cinema_Theater\Cinema_3k1d.csproj", "{BBE89A85-2F84-4FD8-8DDA-80EB3477DD9F}"
EndProject
Global
	GlobalSection(SolutionConfigurationPlatforms) = preSolution
		Debug|Any CPU = Debug|Any CPU
		Release|Any CPU = Release|Any CPU
	EndGlobalSection
	GlobalSection(ProjectConfigurationPlatforms) = postSolution
		{BBE89A85-2F84-4FD8-8DDA-80EB3477DD9F}.Debug|Any CPU.ActiveCfg = Debug|Any CPU
		{BBE89A85-2F84-4FD8-8DDA-80EB3477DD9F}.Debug|Any CPU.Build.0 = Debug|Any CPU
		{BBE89A85-2F84-4FD8-8DDA-80EB3477DD9F}.Release|Any CPU.ActiveCfg = Release|Any CPU
		{BBE89A85-2F84-4FD8-8DDA-80EB3477DD9F}.Release|Any CPU.Build.0 = Release|Any CPU
	EndGlobalSection
	GlobalSection(SolutionProperties) = preSolution
		HideSolutionNode = FALSE
	EndGlobalSection
	GlobalSection(ExtensibilityGlobals) = postSolution
		SolutionGuid = {93176510-7E55-464D-8120-8B0EE3158E5D}
	EndGlobalSection
EndGlobal
